
Microsoft Visual Studio Solution File, Format Version 12.00
# Visual Studio Version 17
VisualStudioVersion = 17.0.31903.59
MinimumVisualStudioVersion = 10.0.40219.1
Project("{2150E333-8FDC-42A3-9474-1A3956D46DE8}") = "api", "api", "{D3931D94-6FBA-44F9-BA7A-FD456EC8075D}"
	ProjectSection(SolutionItems) = preProject
		.editorconfig = .editorconfig
	EndProjectSection
EndProject
Project("{FAE04EC0-301F-11D3-BF4B-00C04F79EFBC}") = "Api", "api\Api.csproj", "{1AE8D6C4-C620-4297-A9D8-BD0992086852}"
EndProject
Project("{FAE04EC0-301F-11D3-BF4B-00C04F79EFBC}") = "Api.Test", "Api.Test\Api.Test.csproj", "{3C8E2006-B7F5-4942-85D2-197BAAB9BE5B}"
EndProject
Global
	GlobalSection(SolutionConfigurationPlatforms) = preSolution
		Debug|Any CPU = Debug|Any CPU
		Release|Any CPU = Release|Any CPU
	EndGlobalSection
	GlobalSection(ProjectConfigurationPlatforms) = postSolution
		{1AE8D6C4-C620-4297-A9D8-BD0992086852}.Debug|Any CPU.ActiveCfg = Debug|Any CPU
		{1AE8D6C4-C620-4297-A9D8-BD0992086852}.Debug|Any CPU.Build.0 = Debug|Any CPU
		{1AE8D6C4-C620-4297-A9D8-BD0992086852}.Release|Any CPU.ActiveCfg = Release|Any CPU
		{1AE8D6C4-C620-4297-A9D8-BD0992086852}.Release|Any CPU.Build.0 = Release|Any CPU
		{3C8E2006-B7F5-4942-85D2-197BAAB9BE5B}.Debug|Any CPU.ActiveCfg = Debug|Any CPU
		{3C8E2006-B7F5-4942-85D2-197BAAB9BE5B}.Debug|Any CPU.Build.0 = Debug|Any CPU
		{3C8E2006-B7F5-4942-85D2-197BAAB9BE5B}.Release|Any CPU.ActiveCfg = Release|Any CPU
		{3C8E2006-B7F5-4942-85D2-197BAAB9BE5B}.Release|Any CPU.Build.0 = Release|Any CPU
	EndGlobalSection
	GlobalSection(SolutionProperties) = preSolution
		HideSolutionNode = FALSE
	EndGlobalSection
	GlobalSection(NestedProjects) = preSolution
		{1AE8D6C4-C620-4297-A9D8-BD0992086852} = {D3931D94-6FBA-44F9-BA7A-FD456EC8075D}
		{3C8E2006-B7F5-4942-85D2-197BAAB9BE5B} = {D3931D94-6FBA-44F9-BA7A-FD456EC8075D}
	EndGlobalSection
EndGlobal
